{
  "name": "miniprogram-necall",
  "version": "2.0.0",
  "lockfileVersion": 3,
  "requires": true,
  "packages": {
    "": {
      "name": "miniprogram-necall",
      "version": "2.0.0",
      "dependencies": {
        "@xkit-yx/call-kit": "^4.4.1",
        "nim-web-sdk-ng": "^10.9.70"
      },
      "devDependencies": {
        "miniprogram-api-typings": "^2.8.3-1"
      }
    },
    "../Web/call-kit": {
      "name": "@xkit-yx/call-kit",
      "version": "4.4.1",
      "license": "MIT",
      "dependencies": {
        "@xkit-yx/utils": "^0.7.1",
        "eventemitter3": "^4.0.7"
      },
      "devDependencies": {
        "@rollup/plugin-json": "^4.1.0",
        "@rollup/plugin-node-resolve": "^10.0.0",
        "nim-web-sdk-ng": "10.9.76",
        "rollup": "^2.33.1",
        "rollup-plugin-commonjs": "^10.1.0",
        "rollup-plugin-terser": "^7.0.2",
        "rollup-plugin-typescript2": "^0.31.2",
        "typescript": "^4.0.3"
      },
      "peerDependencies": {
        "nertc-web-sdk": "^5.6.41",
        "nim-web-sdk-ng": "^10.3.0"
      }
    },
    "node_modules/@xkit-yx/call-kit": {
      "resolved": "../Web/call-kit",
      "link": true
    },
    "node_modules/miniprogram-api-typings": {
      "version": "2.12.0",
      "resolved": "https://registry.npmjs.org/miniprogram-api-typings/-/miniprogram-api-typings-2.12.0.tgz",
      "integrity": "sha512-ibvbqeslVFur0IAvTxLMvsbtvVcMo6gwvOnj0YZHV7aeDLu091VQRrETT2QuiG9P6aZWRcxeNGJChRKVPCp9VQ==",
      "dev": true,
      "license": "MIT"
    },
    "node_modules/nim-web-sdk-ng": {
      "version": "10.9.76",
      "resolved": "https://registry.npmjs.org/nim-web-sdk-ng/-/nim-web-sdk-ng-10.9.76.tgz",
      "integrity": "sha512-s4WxoBB06cAbzCIEbLcptAbKC03GDNnAeWHbQfTGu1tdCsAK02eYJAe3wToTkpbgdItiXwKS6+T2qZvjkdXX5g==",
      "license": "ISC"
    }
  }
}
